github.com/BurntSushi/cif v0.0.0-20140118173227-e459106941ba h1:c+eqYI4ijTOXXT9ANIu27xpmH433UDEbVAksAeHtFEI=
github.com/BurntSushi/cif v0.0.0-20140118173227-e459106941ba/go.mod h1:iGuSD07zGCQj4AkL2Y6Y1wfurc+nfeiMJb/L6y0CaIA=
github.com/TuftsBCB/io v0.0.0-20140121014543-22b94e9b23f9 h1:Zc1/GNsUpgZR9qm1EmRSKrnOHA7CCd0bIzGdq0cREN0=
github.com/TuftsBCB/io v0.0.0-20140121014543-22b94e9b23f9/go.mod h1:PZyV4WA3NpqtezSY0h6E6NARAmdDm0qwrydveOyR5Gc=
github.com/TuftsBCB/seq v0.0.0-20140303222402-72e89e6a4367 h1:jpZ3o1JN2uTxOJF8Ghs+CFFa9IAz4GZOT2ZQ0fWwuX0=
github.com/TuftsBCB/seq v0.0.0-20140303222402-72e89e6a4367/go.mod h1:8mAVqil2RG/PR8w2Z8RWQY6NAhCtR6SRwMRVrV0wr2I=
github.com/TuftsBCB/structure v0.0.0-20130712042756-270e11c872f1 h1:7tg8/iEicaALUwA2lb7dXE8MTRfV0eKSreoITO0Wjr8=
github.com/TuftsBCB/structure v0.0.0-20130712042756-270e11c872f1/go.mod h1:rcvOw/mxOX+Ah3afP5ESmpDCWm9uA7FBdgjM1NzvXxw=
github.com/cpuguy83/go-md2man/v2 v2.0.6/go.mod h1:oOW0eioCTA6cOiMLiUPZOpcVxMig6NIQQ7OS05n1F4g=
github.com/inconshreveable/mousetrap v1.1.0 h1:wN+x4NVGpMsO7ErUn/mUI3vEoE6Jt13X2s0bqwp9tc8=
github.com/inconshreveable/mousetrap v1.1.0/go.mod h1:vpF70FUmC8bwa3OWnCshd2FqLfsEA9PFc4w1p2J65bw=
github.com/russross/blackfriday/v2 v2.1.0/go.mod h1:+Rmxgy9KzJVeS9/2gXHxylqXiyQDYRxCVz55jmeOWTM=
github.com/skelterjohn/go.matrix v0.0.0-20130517144113-daa59528eefd h1:+ZLYzP9SYC3WU9buyb9H0l9DQxqVFOCkDG8QnNBMAlA=
github.com/skelterjohn/go.matrix v0.0.0-20130517144113-daa59528eefd/go.mod h1:x7ui0Rh4QxcWEOgIfa3cr9q4W/wyLTDdzISxBmLVeX8=
github.com/spf13/cobra v1.10.1 h1:lJeBwCfmrnXthfAupyUTzJ/J4Nc1RsHC/mSRU2dll/s=
github.com/spf13/cobra v1.10.1/go.mod h1:7SmJGaTHFVBY0jW4NXGluQoLvhqFQM+6XSKD+P4XaB0=
github.com/spf13/pflag v1.0.9 h1:9exaQaMOCwffKiiiYk6/BndUBv+iRViNW+4lEMi0PvY=
github.com/spf13/pflag v1.0.9/go.mod h1:McXfInJRrz4CZXVZOBLb0bTZqETkiAhM9Iw0y3An2Bg=
gopkg.in/check.v1 v0.0.0-20161208181325-20d25e280405/go.mod h1:Co6ibVJAznAaIkqp8huTwlJQCZ016jof/cbN4VW5Yz0=
gopkg.in/yaml.v3 v3.0.1/go.mod h1:K4uyk7z7BCEPqu6E+C64Yfv1cQ7kz7rIZviUmN+EgEM=
